
Microsoft Visual Studio Solution File, Format Version 12.00
# Visual Studio Version 17
VisualStudioVersion = 17.13.35919.96 d17.13
MinimumVisualStudioVersion = 10.0.40219.1
Project("{FAE04EC0-301F-11D3-BF4B-00C04F79EFBC}") = "SteamGameServerMod", "SteamGameServerMod\SteamGameServerMod.csproj", "{BDF5DAA3-3AB7-4F08-81A1-97FC4901F393}"
EndProject
Global
	GlobalSection(SolutionConfigurationPlatforms) = preSolution
		ReleaseMelon|Any CPU = ReleaseMelon|Any CPU
		DebugBepInEx|Any CPU = DebugBepInEx|Any CPU
		DebugMelon|Any CPU = DebugMelon|Any CPU
		ReleaseBepInEx|Any CPU = ReleaseBepInEx|Any CPU
	EndGlobalSection
	GlobalSection(ProjectConfigurationPlatforms) = postSolution
		{BDF5DAA3-3AB7-4F08-81A1-97FC4901F393}.ReleaseMelon|Any CPU.ActiveCfg = ReleaseMelon|Any CPU
		{BDF5DAA3-3AB7-4F08-81A1-97FC4901F393}.ReleaseMelon|Any CPU.Build.0 = ReleaseMelon|Any CPU
		{BDF5DAA3-3AB7-4F08-81A1-97FC4901F393}.DebugBepInEx|Any CPU.ActiveCfg = DebugBepInEx|Any CPU
		{BDF5DAA3-3AB7-4F08-81A1-97FC4901F393}.DebugBepInEx|Any CPU.Build.0 = DebugBepInEx|Any CPU
		{BDF5DAA3-3AB7-4F08-81A1-97FC4901F393}.DebugMelon|Any CPU.ActiveCfg = DebugMelon|Any CPU
		{BDF5DAA3-3AB7-4F08-81A1-97FC4901F393}.DebugMelon|Any CPU.Build.0 = DebugMelon|Any CPU
		{BDF5DAA3-3AB7-4F08-81A1-97FC4901F393}.ReleaseBepInEx|Any CPU.ActiveCfg = ReleaseBepInEx|Any CPU
		{BDF5DAA3-3AB7-4F08-81A1-97FC4901F393}.ReleaseBepInEx|Any CPU.Build.0 = ReleaseBepInEx|Any CPU
	EndGlobalSection
	GlobalSection(SolutionProperties) = preSolution
		HideSolutionNode = FALSE
	EndGlobalSection
	GlobalSection(ExtensibilityGlobals) = postSolution
		SolutionGuid = {3CAB6E26-F58A-4DEA-98A5-C91AFBF7DBC2}
	EndGlobalSection
EndGlobal
